{
  "name": "firstfoundation",
  "version": "1.0.0",
  "lockfileVersion": 1,
  "requires": true,
  "dependencies": {
    "bootstrap": {
      "version": "4.3.1",
      "resolved": "https://registry.npmjs.org/bootstrap/-/bootstrap-4.3.1.tgz",
      "integrity": "sha512-rXqOmH1VilAt2DyPzluTi2blhk17bO7ef+zLLPlWvG494pDxcM234pJ8wTc/6R40UWizAIIMgxjvxZg5kmsbag=="
    },
    "cssom": {
      "version": "0.2.5",
      "resolved": "https://registry.npmjs.org/cssom/-/cssom-0.2.5.tgz",
      "integrity": "sha1-JoJwm1kC5yEt9SkRb/eIzVslSJQ="
    },
    "debug": {
      "version": "4.1.1",
      "resolved": "https://registry.npmjs.org/debug/-/debug-4.1.1.tgz",
      "integrity": "sha512-pYAIzeRo8J6KPEaJ0VWOh5Pzkbw/RetuzehGM7QRRX5he4fPHx2rdKMB256ehJCkX+XRQm16eZLqLNS8RSZXZw==",
      "requires": {
        "ms": "^2.1.1"
      }
    },
    "foundation": {
      "version": "4.2.1-1",
      "resolved": "https://registry.npmjs.org/foundation/-/foundation-4.2.1-1.tgz",
      "integrity": "sha1-Tkl+LZc3UzM0seaDVM2N0DnLxHs=",
      "requires": {
        "stylus": "~0.32.1",
        "stylus-type-utils": "~0.0.3"
      }
    },
    "mkdirp": {
      "version": "0.3.5",
      "resolved": "https://registry.npmjs.org/mkdirp/-/mkdirp-0.3.5.tgz",
      "integrity": "sha1-3j5fiWHIjHh+4TaN+EmsRBPsqNc="
    },
    "ms": {
      "version": "2.1.2",
      "resolved": "https://registry.npmjs.org/ms/-/ms-2.1.2.tgz",
      "integrity": "sha512-sGkPx+VjMtmA6MX27oA4FBFELFCZZ4S4XqeGOXCv68tT+jb3vk/RyaKWP0PTKyWtmLSM0b+adUTEvbs1PEaH2w=="
    },
    "stylus": {
      "version": "0.32.1",
      "resolved": "https://registry.npmjs.org/stylus/-/stylus-0.32.1.tgz",
      "integrity": "sha1-PSgnW9nxgQhfjdD6UqhVlpaXghI=",
      "requires": {
        "cssom": "0.2.x",
        "debug": "*",
        "mkdirp": "0.3.x"
      }
    },
    "stylus-type-utils": {
      "version": "0.0.3",
      "resolved": "https://registry.npmjs.org/stylus-type-utils/-/stylus-type-utils-0.0.3.tgz",
      "integrity": "sha1-8EgzRyi7UUTs1ZnGJ1U9tk6gprs="
    }
  }
}
